{
    "name": "@heroiclabs/nakama-js",
    "version": "2.3.0",
    "lockfileVersion": 2,
    "requires": true,
    "packages": {
        "": {
            "name": "@heroiclabs/nakama-js",
            "version": "2.3.0",
            "license": "Apache-2.0",
            "dependencies": {
                "js-base64": "^3.6.0",
                "whatwg-fetch": "^2.0.3"
            },
            "devDependencies": {
                "@babel/runtime": "^7.12.5",
                "@rollup/plugin-node-resolve": "^11.2.0",
                "@rollup/plugin-typescript": "^6.1.0",
                "rollup": "latest",
                "tslib": "^2.0.3"
            }
        },
        "node_modules/@babel/runtime": {
            "version": "7.15.3",
            "resolved": "https://registry.npmjs.org/@babel/runtime/-/runtime-7.15.3.tgz",
            "integrity": "sha512-OvwMLqNXkCXSz1kSm58sEsNuhqOx/fKpnUnKnFB5v8uDda5bLNEHNgKPvhDN6IU0LDcnHQ90LlJ0Q6jnyBSIBA==",
            "dev": true,
            "dependencies": {
                "regenerator-runtime": "^0.13.4"
            },
            "engines": {
                "node": ">=6.9.0"
            }
        },
        "node_modules/@rollup/plugin-node-resolve": {
            "version": "11.2.1",
            "resolved": "https://registry.npmjs.org/@rollup/plugin-node-resolve/-/plugin-node-resolve-11.2.1.tgz",
            "integrity": "sha512-yc2n43jcqVyGE2sqV5/YCmocy9ArjVAP/BeXyTtADTBBX6V0e5UMqwO8CdQ0kzjb6zu5P1qMzsScCMRvE9OlVg==",
            "dev": true,
            "dependencies": {
                "@rollup/pluginutils": "^3.1.0",
                "@types/resolve": "1.17.1",
                "builtin-modules": "^3.1.0",
                "deepmerge": "^4.2.2",
                "is-module": "^1.0.0",
                "resolve": "^1.19.0"
            },
            "engines": {
                "node": ">= 10.0.0"
            },
            "peerDependencies": {
                "rollup": "^1.20.0||^2.0.0"
            }
        },
        "node_modules/@rollup/plugin-typescript": {
            "version": "6.1.0",
            "resolved": "https://registry.npmjs.org/@rollup/plugin-typescript/-/plugin-typescript-6.1.0.tgz",
            "integrity": "sha512-hJxaiE6WyNOsK+fZpbFh9CUijZYqPQuAOWO5khaGTUkM8DYNNyA2TDlgamecE+qLOG1G1+CwbWMAx3rbqpp6xQ==",
            "dev": true,
            "dependencies": {
                "@rollup/pluginutils": "^3.1.0",
                "resolve": "^1.17.0"
            },
            "engines": {
                "node": ">=8.0.0"
            },
            "peerDependencies": {
                "rollup": "^2.14.0",
                "tslib": "*",
                "typescript": ">=3.4.0"
            }
        },
        "node_modules/@rollup/pluginutils": {
            "version": "3.1.0",
            "resolved": "https://registry.npmjs.org/@rollup/pluginutils/-/pluginutils-3.1.0.tgz",
            "integrity": "sha512-GksZ6pr6TpIjHm8h9lSQ8pi8BE9VeubNT0OMJ3B5uZJ8pz73NPiqOtCog/x2/QzM1ENChPKxMDhiQuRHsqc+lg==",
            "dev": true,
            "dependencies": {
                "@types/estree": "0.0.39",
                "estree-walker": "^1.0.1",
                "picomatch": "^2.2.2"
            },
            "engines": {
                "node": ">= 8.0.0"
            },
            "peerDependencies": {
                "rollup": "^1.20.0||^2.0.0"
            }
        },
        "node_modules/@types/estree": {
            "version": "0.0.39",
            "resolved": "https://registry.npmjs.org/@types/estree/-/estree-0.0.39.tgz",
            "integrity": "sha512-EYNwp3bU+98cpU4lAWYYL7Zz+2gryWH1qbdDTidVd6hkiR6weksdbMadyXKXNPEkQFhXM+hVO9ZygomHXp+AIw==",
            "dev": true
        },
        "node_modules/@types/node": {
            "version": "16.7.10",
            "resolved": "https://registry.npmjs.org/@types/node/-/node-16.7.10.tgz",
            "integrity": "sha512-S63Dlv4zIPb8x6MMTgDq5WWRJQe56iBEY0O3SOFA9JrRienkOVDXSXBjjJw6HTNQYSE2JI6GMCR6LVbIMHJVvA==",
            "dev": true
        },
        "node_modules/@types/resolve": {
            "version": "1.17.1",
            "resolved": "https://registry.npmjs.org/@types/resolve/-/resolve-1.17.1.tgz",
            "integrity": "sha512-yy7HuzQhj0dhGpD8RLXSZWEkLsV9ibvxvi6EiJ3bkqLAO1RGo0WbkWQiwpRlSFymTJRz0d3k5LM3kkx8ArDbLw==",
            "dev": true,
            "dependencies": {
                "@types/node": "*"
            }
        },
        "node_modules/builtin-modules": {
            "version": "3.2.0",
            "resolved": "https://registry.npmjs.org/builtin-modules/-/builtin-modules-3.2.0.tgz",
            "integrity": "sha512-lGzLKcioL90C7wMczpkY0n/oART3MbBa8R9OFGE1rJxoVI86u4WAGfEk8Wjv10eKSyTHVGkSo3bvBylCEtk7LA==",
            "dev": true,
            "engines": {
                "node": ">=6"
            },
            "funding": {
                "url": "https://github.com/sponsors/sindresorhus"
            }
        },
        "node_modules/deepmerge": {
            "version": "4.2.2",
            "resolved": "https://registry.npmjs.org/deepmerge/-/deepmerge-4.2.2.tgz",
            "integrity": "sha512-FJ3UgI4gIl+PHZm53knsuSFpE+nESMr7M4v9QcgB7S63Kj/6WqMiFQJpBBYz1Pt+66bZpP3Q7Lye0Oo9MPKEdg==",
            "dev": true,
            "engines": {
                "node": ">=0.10.0"
            }
        },
        "node_modules/estree-walker": {
            "version": "1.0.1",
            "resolved": "https://registry.npmjs.org/estree-walker/-/estree-walker-1.0.1.tgz",
            "integrity": "sha512-1fMXF3YP4pZZVozF8j/ZLfvnR8NSIljt56UhbZ5PeeDmmGHpgpdwQt7ITlGvYaQukCvuBRMLEiKiYC+oeIg4cg==",
            "dev": true
        },
        "node_modules/function-bind": {
            "version": "1.1.1",
            "resolved": "https://registry.npmjs.org/function-bind/-/function-bind-1.1.1.tgz",
            "integrity": "sha512-yIovAzMX49sF8Yl58fSCWJ5svSLuaibPxXQJFLmBObTuCr0Mf1KiPopGM9NiFjiYBCbfaa2Fh6breQ6ANVTI0A==",
            "dev": true
        },
        "node_modules/has": {
            "version": "1.0.3",
            "resolved": "https://registry.npmjs.org/has/-/has-1.0.3.tgz",
            "integrity": "sha512-f2dvO0VU6Oej7RkWJGrehjbzMAjFp5/VKPp5tTpWIV4JHHZK1/BxbFRtf/siA2SWTe09caDmVtYYzWEIbBS4zw==",
            "dev": true,
            "dependencies": {
                "function-bind": "^1.1.1"
            },
            "engines": {
                "node": ">= 0.4.0"
            }
        },
        "node_modules/is-core-module": {
            "version": "2.6.0",
            "resolved": "https://registry.npmjs.org/is-core-module/-/is-core-module-2.6.0.tgz",
            "integrity": "sha512-wShG8vs60jKfPWpF2KZRaAtvt3a20OAn7+IJ6hLPECpSABLcKtFKTTI4ZtH5QcBruBHlq+WsdHWyz0BCZW7svQ==",
            "dev": true,
            "dependencies": {
                "has": "^1.0.3"
            },
            "funding": {
                "url": "https://github.com/sponsors/ljharb"
            }
        },
        "node_modules/is-module": {
            "version": "1.0.0",
            "resolved": "https://registry.npmjs.org/is-module/-/is-module-1.0.0.tgz",
            "integrity": "sha1-Mlj7afeMFNW4FdZkM2tM/7ZEFZE=",
            "dev": true
        },
        "node_modules/js-base64": {
            "version": "3.6.1",
            "resolved": "https://registry.npmjs.org/js-base64/-/js-base64-3.6.1.tgz",
            "integrity": "sha512-Frdq2+tRRGLQUIQOgsIGSCd1VePCS2fsddTG5dTCqR0JHgltXWfsxnY0gIXPoMeRmdom6Oyq+UMOFg5suduOjQ=="
        },
        "node_modules/path-parse": {
            "version": "1.0.7",
            "resolved": "https://registry.npmjs.org/path-parse/-/path-parse-1.0.7.tgz",
            "integrity": "sha512-LDJzPVEEEPR+y48z93A0Ed0yXb8pAByGWo/k5YYdYgpY2/2EsOsksJrq7lOHxryrVOn1ejG6oAp8ahvOIQD8sw==",
            "dev": true
        },
        "node_modules/picomatch": {
            "version": "2.3.0",
            "resolved": "https://registry.npmjs.org/picomatch/-/picomatch-2.3.0.tgz",
            "integrity": "sha512-lY1Q/PiJGC2zOv/z391WOTD+Z02bCgsFfvxoXXf6h7kv9o+WmsmzYqrAwY63sNgOxE4xEdq0WyUnXfKeBrSvYw==",
            "dev": true,
            "engines": {
                "node": ">=8.6"
            },
            "funding": {
                "url": "https://github.com/sponsors/jonschlinkert"
            }
        },
        "node_modules/regenerator-runtime": {
            "version": "0.13.9",
            "resolved": "https://registry.npmjs.org/regenerator-runtime/-/regenerator-runtime-0.13.9.tgz",
            "integrity": "sha512-p3VT+cOEgxFsRRA9X4lkI1E+k2/CtnKtU4gcxyaCUreilL/vqI6CdZ3wxVUx3UOUg+gnUOQQcRI7BmSI656MYA==",
            "dev": true
        },
        "node_modules/resolve": {
            "version": "1.20.0",
            "resolved": "https://registry.npmjs.org/resolve/-/resolve-1.20.0.tgz",
            "integrity": "sha512-wENBPt4ySzg4ybFQW2TT1zMQucPK95HSh/nq2CFTZVOGut2+pQvSsgtda4d26YrYcr067wjbmzOG8byDPBX63A==",
            "dev": true,
            "dependencies": {
                "is-core-module": "^2.2.0",
                "path-parse": "^1.0.6"
            },
            "funding": {
                "url": "https://github.com/sponsors/ljharb"
            }
        },
        "node_modules/rollup": {
            "version": "2.56.3",
            "resolved": "https://registry.npmjs.org/rollup/-/rollup-2.56.3.tgz",
            "integrity": "sha512-Au92NuznFklgQCUcV96iXlxUbHuB1vQMaH76DHl5M11TotjOHwqk9CwcrT78+Tnv4FN9uTBxq6p4EJoYkpyekg==",
            "dev": true,
            "bin": {
                "rollup": "dist/bin/rollup"
            },
            "engines": {
                "node": ">=10.0.0"
            },
            "optionalDependencies": {
                "fsevents": "~2.3.2"
            }
        },
        "node_modules/tslib": {
            "version": "2.3.1",
            "resolved": "https://registry.npmjs.org/tslib/-/tslib-2.3.1.tgz",
            "integrity": "sha512-77EbyPPpMz+FRFRuAFlWMtmgUWGe9UOG2Z25NqCwiIjRhOf5iKGuzSe5P2w1laq+FkRy4p+PCuVkJSGkzTEKVw==",
            "dev": true
        },
        "node_modules/typescript": {
            "version": "4.4.2",
            "resolved": "https://registry.npmjs.org/typescript/-/typescript-4.4.2.tgz",
            "integrity": "sha512-gzP+t5W4hdy4c+68bfcv0t400HVJMMd2+H9B7gae1nQlBzCqvrXX+6GL/b3GAgyTH966pzrZ70/fRjwAtZksSQ==",
            "dev": true,
            "peer": true,
            "bin": {
                "tsc": "bin/tsc",
                "tsserver": "bin/tsserver"
            },
            "engines": {
                "node": ">=4.2.0"
            }
        },
        "node_modules/whatwg-fetch": {
            "version": "2.0.4",
            "resolved": "https://registry.npmjs.org/whatwg-fetch/-/whatwg-fetch-2.0.4.tgz",
            "integrity": "sha512-dcQ1GWpOD/eEQ97k66aiEVpNnapVj90/+R+SXTPYGHpYBBypfKJEQjLrvMZ7YXbKm21gXd4NcuxUTjiv1YtLng=="
        }
    },
    "dependencies": {
        "@babel/runtime": {
            "version": "7.15.3",
            "resolved": "https://registry.npmjs.org/@babel/runtime/-/runtime-7.15.3.tgz",
            "integrity": "sha512-OvwMLqNXkCXSz1kSm58sEsNuhqOx/fKpnUnKnFB5v8uDda5bLNEHNgKPvhDN6IU0LDcnHQ90LlJ0Q6jnyBSIBA==",
            "dev": true,
            "requires": {
                "regenerator-runtime": "^0.13.4"
            }
        },
        "@rollup/plugin-node-resolve": {
            "version": "11.2.1",
            "resolved": "https://registry.npmjs.org/@rollup/plugin-node-resolve/-/plugin-node-resolve-11.2.1.tgz",
            "integrity": "sha512-yc2n43jcqVyGE2sqV5/YCmocy9ArjVAP/BeXyTtADTBBX6V0e5UMqwO8CdQ0kzjb6zu5P1qMzsScCMRvE9OlVg==",
            "dev": true,
            "requires": {
                "@rollup/pluginutils": "^3.1.0",
                "@types/resolve": "1.17.1",
                "builtin-modules": "^3.1.0",
                "deepmerge": "^4.2.2",
                "is-module": "^1.0.0",
                "resolve": "^1.19.0"
            }
        },
        "@rollup/plugin-typescript": {
            "version": "6.1.0",
            "resolved": "https://registry.npmjs.org/@rollup/plugin-typescript/-/plugin-typescript-6.1.0.tgz",
            "integrity": "sha512-hJxaiE6WyNOsK+fZpbFh9CUijZYqPQuAOWO5khaGTUkM8DYNNyA2TDlgamecE+qLOG1G1+CwbWMAx3rbqpp6xQ==",
            "dev": true,
            "requires": {
                "@rollup/pluginutils": "^3.1.0",
                "resolve": "^1.17.0"
            }
        },
        "@rollup/pluginutils": {
            "version": "3.1.0",
            "resolved": "https://registry.npmjs.org/@rollup/pluginutils/-/pluginutils-3.1.0.tgz",
            "integrity": "sha512-GksZ6pr6TpIjHm8h9lSQ8pi8BE9VeubNT0OMJ3B5uZJ8pz73NPiqOtCog/x2/QzM1ENChPKxMDhiQuRHsqc+lg==",
            "dev": true,
            "requires": {
                "@types/estree": "0.0.39",
                "estree-walker": "^1.0.1",
                "picomatch": "^2.2.2"
            }
        },
        "@types/estree": {
            "version": "0.0.39",
            "resolved": "https://registry.npmjs.org/@types/estree/-/estree-0.0.39.tgz",
            "integrity": "sha512-EYNwp3bU+98cpU4lAWYYL7Zz+2gryWH1qbdDTidVd6hkiR6weksdbMadyXKXNPEkQFhXM+hVO9ZygomHXp+AIw==",
            "dev": true
        },
        "@types/node": {
            "version": "16.7.10",
            "resolved": "https://registry.npmjs.org/@types/node/-/node-16.7.10.tgz",
            "integrity": "sha512-S63Dlv4zIPb8x6MMTgDq5WWRJQe56iBEY0O3SOFA9JrRienkOVDXSXBjjJw6HTNQYSE2JI6GMCR6LVbIMHJVvA==",
            "dev": true
        },
        "@types/resolve": {
            "version": "1.17.1",
            "resolved": "https://registry.npmjs.org/@types/resolve/-/resolve-1.17.1.tgz",
            "integrity": "sha512-yy7HuzQhj0dhGpD8RLXSZWEkLsV9ibvxvi6EiJ3bkqLAO1RGo0WbkWQiwpRlSFymTJRz0d3k5LM3kkx8ArDbLw==",
            "dev": true,
            "requires": {
                "@types/node": "*"
            }
        },
        "builtin-modules": {
            "version": "3.2.0",
            "resolved": "https://registry.npmjs.org/builtin-modules/-/builtin-modules-3.2.0.tgz",
            "integrity": "sha512-lGzLKcioL90C7wMczpkY0n/oART3MbBa8R9OFGE1rJxoVI86u4WAGfEk8Wjv10eKSyTHVGkSo3bvBylCEtk7LA==",
            "dev": true
        },
        "deepmerge": {
            "version": "4.2.2",
            "resolved": "https://registry.npmjs.org/deepmerge/-/deepmerge-4.2.2.tgz",
            "integrity": "sha512-FJ3UgI4gIl+PHZm53knsuSFpE+nESMr7M4v9QcgB7S63Kj/6WqMiFQJpBBYz1Pt+66bZpP3Q7Lye0Oo9MPKEdg==",
            "dev": true
        },
        "estree-walker": {
            "version": "1.0.1",
            "resolved": "https://registry.npmjs.org/estree-walker/-/estree-walker-1.0.1.tgz",
            "integrity": "sha512-1fMXF3YP4pZZVozF8j/ZLfvnR8NSIljt56UhbZ5PeeDmmGHpgpdwQt7ITlGvYaQukCvuBRMLEiKiYC+oeIg4cg==",
            "dev": true
        },
        "function-bind": {
            "version": "1.1.1",
            "resolved": "https://registry.npmjs.org/function-bind/-/function-bind-1.1.1.tgz",
            "integrity": "sha512-yIovAzMX49sF8Yl58fSCWJ5svSLuaibPxXQJFLmBObTuCr0Mf1KiPopGM9NiFjiYBCbfaa2Fh6breQ6ANVTI0A==",
            "dev": true
        },
        "has": {
            "version": "1.0.3",
            "resolved": "https://registry.npmjs.org/has/-/has-1.0.3.tgz",
            "integrity": "sha512-f2dvO0VU6Oej7RkWJGrehjbzMAjFp5/VKPp5tTpWIV4JHHZK1/BxbFRtf/siA2SWTe09caDmVtYYzWEIbBS4zw==",
            "dev": true,
            "requires": {
                "function-bind": "^1.1.1"
            }
        },
        "is-core-module": {
            "version": "2.6.0",
            "resolved": "https://registry.npmjs.org/is-core-module/-/is-core-module-2.6.0.tgz",
            "integrity": "sha512-wShG8vs60jKfPWpF2KZRaAtvt3a20OAn7+IJ6hLPECpSABLcKtFKTTI4ZtH5QcBruBHlq+WsdHWyz0BCZW7svQ==",
            "dev": true,
            "requires": {
                "has": "^1.0.3"
            }
        },
        "is-module": {
            "version": "1.0.0",
            "resolved": "https://registry.npmjs.org/is-module/-/is-module-1.0.0.tgz",
            "integrity": "sha1-Mlj7afeMFNW4FdZkM2tM/7ZEFZE=",
            "dev": true
        },
        "js-base64": {
            "version": "3.6.1",
            "resolved": "https://registry.npmjs.org/js-base64/-/js-base64-3.6.1.tgz",
            "integrity": "sha512-Frdq2+tRRGLQUIQOgsIGSCd1VePCS2fsddTG5dTCqR0JHgltXWfsxnY0gIXPoMeRmdom6Oyq+UMOFg5suduOjQ=="
        },
        "path-parse": {
            "version": "1.0.7",
            "resolved": "https://registry.npmjs.org/path-parse/-/path-parse-1.0.7.tgz",
            "integrity": "sha512-LDJzPVEEEPR+y48z93A0Ed0yXb8pAByGWo/k5YYdYgpY2/2EsOsksJrq7lOHxryrVOn1ejG6oAp8ahvOIQD8sw==",
            "dev": true
        },
        "picomatch": {
            "version": "2.3.0",
            "resolved": "https://registry.npmjs.org/picomatch/-/picomatch-2.3.0.tgz",
            "integrity": "sha512-lY1Q/PiJGC2zOv/z391WOTD+Z02bCgsFfvxoXXf6h7kv9o+WmsmzYqrAwY63sNgOxE4xEdq0WyUnXfKeBrSvYw==",
            "dev": true
        },
        "regenerator-runtime": {
            "version": "0.13.9",
            "resolved": "https://registry.npmjs.org/regenerator-runtime/-/regenerator-runtime-0.13.9.tgz",
            "integrity": "sha512-p3VT+cOEgxFsRRA9X4lkI1E+k2/CtnKtU4gcxyaCUreilL/vqI6CdZ3wxVUx3UOUg+gnUOQQcRI7BmSI656MYA==",
            "dev": true
        },
        "resolve": {
            "version": "1.20.0",
            "resolved": "https://registry.npmjs.org/resolve/-/resolve-1.20.0.tgz",
            "integrity": "sha512-wENBPt4ySzg4ybFQW2TT1zMQucPK95HSh/nq2CFTZVOGut2+pQvSsgtda4d26YrYcr067wjbmzOG8byDPBX63A==",
            "dev": true,
            "requires": {
                "is-core-module": "^2.2.0",
                "path-parse": "^1.0.6"
            }
        },
        "rollup": {
            "version": "2.56.3",
            "resolved": "https://registry.npmjs.org/rollup/-/rollup-2.56.3.tgz",
            "integrity": "sha512-Au92NuznFklgQCUcV96iXlxUbHuB1vQMaH76DHl5M11TotjOHwqk9CwcrT78+Tnv4FN9uTBxq6p4EJoYkpyekg==",
            "dev": true,
            "requires": {
                "fsevents": "~2.3.2"
            }
        },
        "tslib": {
            "version": "2.3.1",
            "resolved": "https://registry.npmjs.org/tslib/-/tslib-2.3.1.tgz",
            "integrity": "sha512-77EbyPPpMz+FRFRuAFlWMtmgUWGe9UOG2Z25NqCwiIjRhOf5iKGuzSe5P2w1laq+FkRy4p+PCuVkJSGkzTEKVw==",
            "dev": true
        },
        "typescript": {
            "version": "4.4.2",
            "resolved": "https://registry.npmjs.org/typescript/-/typescript-4.4.2.tgz",
            "integrity": "sha512-gzP+t5W4hdy4c+68bfcv0t400HVJMMd2+H9B7gae1nQlBzCqvrXX+6GL/b3GAgyTH966pzrZ70/fRjwAtZksSQ==",
            "dev": true,
            "peer": true
        },
        "whatwg-fetch": {
            "version": "2.0.4",
            "resolved": "https://registry.npmjs.org/whatwg-fetch/-/whatwg-fetch-2.0.4.tgz",
            "integrity": "sha512-dcQ1GWpOD/eEQ97k66aiEVpNnapVj90/+R+SXTPYGHpYBBypfKJEQjLrvMZ7YXbKm21gXd4NcuxUTjiv1YtLng=="
        }
    }
}
